
Microsoft Visual Studio Solution File, Format Version 12.00
# Visual Studio 2013
VisualStudioVersion = 12.0.31101.0
MinimumVisualStudioVersion = 10.0.40219.1
Project("{FAE04EC0-301F-11D3-BF4B-00C04F79EFBC}") = "CrossDeviceUnitTestProject", "CrossDeviceUnitTestProject\CrossDeviceUnitTestProject.csproj", "{03B11188-2D25-4DD5-BCD0-E4C6BE1BC46F}"
EndProject
Project("{FAE04EC0-301F-11D3-BF4B-00C04F79EFBC}") = "Xam.iOS", "Xam-iOS\Xam.iOS.csproj", "{66E79D16-8384-4554-AD95-272D8E9F9793}"
EndProject
Project("{FAE04EC0-301F-11D3-BF4B-00C04F79EFBC}") = "Xam.Droid", "Xam.Droid\Xam.Droid.csproj", "{4CB07B6B-544E-4CE5-AE85-772CB17A8CB6}"
EndProject
Project("{D954291E-2A0B-460D-934E-DC6B0785DB48}") = "SharedVS", "SharedVS\SharedVS.shproj", "{564F0AF1-50E3-4AB4-A3B1-9A73882C3F3B}"
EndProject
Global
	GlobalSection(SharedMSBuildProjectFiles) = preSolution
		SharedVS\SharedVS.projitems*{564f0af1-50e3-4ab4-a3b1-9a73882c3f3b}*SharedItemsImports = 13
		SharedVS\SharedVS.projitems*{66e79d16-8384-4554-ad95-272d8e9f9793}*SharedItemsImports = 4
		SharedVS\SharedVS.projitems*{03b11188-2d25-4dd5-bcd0-e4c6be1bc46f}*SharedItemsImports = 4
		SharedVS\SharedVS.projitems*{4cb07b6b-544e-4ce5-ae85-772cb17a8cb6}*SharedItemsImports = 4
	EndGlobalSection
	GlobalSection(SolutionConfigurationPlatforms) = preSolution
		Ad-Hoc|Any CPU = Ad-Hoc|Any CPU
		Ad-Hoc|iPhone = Ad-Hoc|iPhone
		Ad-Hoc|iPhoneSimulator = Ad-Hoc|iPhoneSimulator
		Ad-Hoc|Mixed Platforms = Ad-Hoc|Mixed Platforms
		AppStore|Any CPU = AppStore|Any CPU
		AppStore|iPhone = AppStore|iPhone
		AppStore|iPhoneSimulator = AppStore|iPhoneSimulator
		AppStore|Mixed Platforms = AppStore|Mixed Platforms
		Debug|Any CPU = Debug|Any CPU
		Debug|iPhone = Debug|iPhone
		Debug|iPhoneSimulator = Debug|iPhoneSimulator
		Debug|Mixed Platforms = Debug|Mixed Platforms
		Release|Any CPU = Release|Any CPU
		Release|iPhone = Release|iPhone
		Release|iPhoneSimulator = Release|iPhoneSimulator
		Release|Mixed Platforms = Release|Mixed Platforms
	EndGlobalSection
	GlobalSection(ProjectConfigurationPlatforms) = postSolution
		{03B11188-2D25-4DD5-BCD0-E4C6BE1BC46F}.Ad-Hoc|Any CPU.ActiveCfg = Release|Any CPU
		{03B11188-2D25-4DD5-BCD0-E4C6BE1BC46F}.Ad-Hoc|Any CPU.Build.0 = Release|Any CPU
		{03B11188-2D25-4DD5-BCD0-E4C6BE1BC46F}.Ad-Hoc|iPhone.ActiveCfg = Release|Any CPU
		{03B11188-2D25-4DD5-BCD0-E4C6BE1BC46F}.Ad-Hoc|iPhoneSimulator.ActiveCfg = Release|Any CPU
		{03B11188-2D25-4DD5-BCD0-E4C6BE1BC46F}.Ad-Hoc|Mixed Platforms.ActiveCfg = Release|Any CPU
		{03B11188-2D25-4DD5-BCD0-E4C6BE1BC46F}.Ad-Hoc|Mixed Platforms.Build.0 = Release|Any CPU
		{03B11188-2D25-4DD5-BCD0-E4C6BE1BC46F}.AppStore|Any CPU.ActiveCfg = Release|Any CPU
		{03B11188-2D25-4DD5-BCD0-E4C6BE1BC46F}.AppStore|Any CPU.Build.0 = Release|Any CPU
		{03B11188-2D25-4DD5-BCD0-E4C6BE1BC46F}.AppStore|iPhone.ActiveCfg = Release|Any CPU
		{03B11188-2D25-4DD5-BCD0-E4C6BE1BC46F}.AppStore|iPhoneSimulator.ActiveCfg = Release|Any CPU
		{03B11188-2D25-4DD5-BCD0-E4C6BE1BC46F}.AppStore|Mixed Platforms.ActiveCfg = Release|Any CPU
		{03B11188-2D25-4DD5-BCD0-E4C6BE1BC46F}.AppStore|Mixed Platforms.Build.0 = Release|Any CPU
		{03B11188-2D25-4DD5-BCD0-E4C6BE1BC46F}.Debug|Any CPU.ActiveCfg = Debug|Any CPU
		{03B11188-2D25-4DD5-BCD0-E4C6BE1BC46F}.Debug|Any CPU.Build.0 = Debug|Any CPU
		{03B11188-2D25-4DD5-BCD0-E4C6BE1BC46F}.Debug|iPhone.ActiveCfg = Debug|Any CPU
		{03B11188-2D25-4DD5-BCD0-E4C6BE1BC46F}.Debug|iPhoneSimulator.ActiveCfg = Debug|Any CPU
		{03B11188-2D25-4DD5-BCD0-E4C6BE1BC46F}.Debug|Mixed Platforms.ActiveCfg = Debug|Any CPU
		{03B11188-2D25-4DD5-BCD0-E4C6BE1BC46F}.Debug|Mixed Platforms.Build.0 = Debug|Any CPU
		{03B11188-2D25-4DD5-BCD0-E4C6BE1BC46F}.Release|Any CPU.ActiveCfg = Release|Any CPU
		{03B11188-2D25-4DD5-BCD0-E4C6BE1BC46F}.Release|Any CPU.Build.0 = Release|Any CPU
		{03B11188-2D25-4DD5-BCD0-E4C6BE1BC46F}.Release|iPhone.ActiveCfg = Release|Any CPU
		{03B11188-2D25-4DD5-BCD0-E4C6BE1BC46F}.Release|iPhoneSimulator.ActiveCfg = Release|Any CPU
		{03B11188-2D25-4DD5-BCD0-E4C6BE1BC46F}.Release|Mixed Platforms.ActiveCfg = Release|Any CPU
		{03B11188-2D25-4DD5-BCD0-E4C6BE1BC46F}.Release|Mixed Platforms.Build.0 = Release|Any CPU
		{66E79D16-8384-4554-AD95-272D8E9F9793}.Ad-Hoc|Any CPU.ActiveCfg = Ad-Hoc|iPhone
		{66E79D16-8384-4554-AD95-272D8E9F9793}.Ad-Hoc|iPhone.ActiveCfg = Ad-Hoc|iPhone
		{66E79D16-8384-4554-AD95-272D8E9F9793}.Ad-Hoc|iPhone.Build.0 = Ad-Hoc|iPhone
		{66E79D16-8384-4554-AD95-272D8E9F9793}.Ad-Hoc|iPhoneSimulator.ActiveCfg = Ad-Hoc|iPhoneSimulator
		{66E79D16-8384-4554-AD95-272D8E9F9793}.Ad-Hoc|iPhoneSimulator.Build.0 = Ad-Hoc|iPhoneSimulator
		{66E79D16-8384-4554-AD95-272D8E9F9793}.Ad-Hoc|Mixed Platforms.ActiveCfg = Ad-Hoc|iPhone
		{66E79D16-8384-4554-AD95-272D8E9F9793}.Ad-Hoc|Mixed Platforms.Build.0 = Ad-Hoc|iPhone
		{66E79D16-8384-4554-AD95-272D8E9F9793}.AppStore|Any CPU.ActiveCfg = AppStore|iPhone
		{66E79D16-8384-4554-AD95-272D8E9F9793}.AppStore|iPhone.ActiveCfg = AppStore|iPhone
		{66E79D16-8384-4554-AD95-272D8E9F9793}.AppStore|iPhone.Build.0 = AppStore|iPhone
		{66E79D16-8384-4554-AD95-272D8E9F9793}.AppStore|iPhoneSimulator.ActiveCfg = AppStore|iPhoneSimulator
		{66E79D16-8384-4554-AD95-272D8E9F9793}.AppStore|iPhoneSimulator.Build.0 = AppStore|iPhoneSimulator
		{66E79D16-8384-4554-AD95-272D8E9F9793}.AppStore|Mixed Platforms.ActiveCfg = AppStore|iPhone
		{66E79D16-8384-4554-AD95-272D8E9F9793}.AppStore|Mixed Platforms.Build.0 = AppStore|iPhone
		{66E79D16-8384-4554-AD95-272D8E9F9793}.Debug|Any CPU.ActiveCfg = Debug|iPhone
		{66E79D16-8384-4554-AD95-272D8E9F9793}.Debug|iPhone.ActiveCfg = Debug|iPhone
		{66E79D16-8384-4554-AD95-272D8E9F9793}.Debug|iPhone.Build.0 = Debug|iPhone
		{66E79D16-8384-4554-AD95-272D8E9F9793}.Debug|iPhoneSimulator.ActiveCfg = Debug|iPhoneSimulator
		{66E79D16-8384-4554-AD95-272D8E9F9793}.Debug|iPhoneSimulator.Build.0 = Debug|iPhoneSimulator
		{66E79D16-8384-4554-AD95-272D8E9F9793}.Debug|Mixed Platforms.ActiveCfg = Debug|iPhone
		{66E79D16-8384-4554-AD95-272D8E9F9793}.Debug|Mixed Platforms.Build.0 = Debug|iPhone
		{66E79D16-8384-4554-AD95-272D8E9F9793}.Release|Any CPU.ActiveCfg = Release|iPhone
		{66E79D16-8384-4554-AD95-272D8E9F9793}.Release|iPhone.ActiveCfg = Release|iPhone
		{66E79D16-8384-4554-AD95-272D8E9F9793}.Release|iPhone.Build.0 = Release|iPhone
		{66E79D16-8384-4554-AD95-272D8E9F9793}.Release|iPhoneSimulator.ActiveCfg = Release|iPhoneSimulator
		{66E79D16-8384-4554-AD95-272D8E9F9793}.Release|iPhoneSimulator.Build.0 = Release|iPhoneSimulator
		{66E79D16-8384-4554-AD95-272D8E9F9793}.Release|Mixed Platforms.ActiveCfg = Release|iPhone
		{66E79D16-8384-4554-AD95-272D8E9F9793}.Release|Mixed Platforms.Build.0 = Release|iPhone
		{4CB07B6B-544E-4CE5-AE85-772CB17A8CB6}.Ad-Hoc|Any CPU.ActiveCfg = Release|Any CPU
		{4CB07B6B-544E-4CE5-AE85-772CB17A8CB6}.Ad-Hoc|Any CPU.Build.0 = Release|Any CPU
		{4CB07B6B-544E-4CE5-AE85-772CB17A8CB6}.Ad-Hoc|Any CPU.Deploy.0 = Release|Any CPU
		{4CB07B6B-544E-4CE5-AE85-772CB17A8CB6}.Ad-Hoc|iPhone.ActiveCfg = Release|Any CPU
		{4CB07B6B-544E-4CE5-AE85-772CB17A8CB6}.Ad-Hoc|iPhoneSimulator.ActiveCfg = Release|Any CPU
		{4CB07B6B-544E-4CE5-AE85-772CB17A8CB6}.Ad-Hoc|Mixed Platforms.ActiveCfg = Release|Any CPU
		{4CB07B6B-544E-4CE5-AE85-772CB17A8CB6}.Ad-Hoc|Mixed Platforms.Build.0 = Release|Any CPU
		{4CB07B6B-544E-4CE5-AE85-772CB17A8CB6}.Ad-Hoc|Mixed Platforms.Deploy.0 = Release|Any CPU
		{4CB07B6B-544E-4CE5-AE85-772CB17A8CB6}.AppStore|Any CPU.ActiveCfg = Release|Any CPU
		{4CB07B6B-544E-4CE5-AE85-772CB17A8CB6}.AppStore|Any CPU.Build.0 = Release|Any CPU
		{4CB07B6B-544E-4CE5-AE85-772CB17A8CB6}.AppStore|Any CPU.Deploy.0 = Release|Any CPU
		{4CB07B6B-544E-4CE5-AE85-772CB17A8CB6}.AppStore|iPhone.ActiveCfg = Release|Any CPU
		{4CB07B6B-544E-4CE5-AE85-772CB17A8CB6}.AppStore|iPhoneSimulator.ActiveCfg = Release|Any CPU
		{4CB07B6B-544E-4CE5-AE85-772CB17A8CB6}.AppStore|Mixed Platforms.ActiveCfg = Release|Any CPU
		{4CB07B6B-544E-4CE5-AE85-772CB17A8CB6}.AppStore|Mixed Platforms.Build.0 = Release|Any CPU
		{4CB07B6B-544E-4CE5-AE85-772CB17A8CB6}.AppStore|Mixed Platforms.Deploy.0 = Release|Any CPU
		{4CB07B6B-544E-4CE5-AE85-772CB17A8CB6}.Debug|Any CPU.ActiveCfg = Debug|Any CPU
		{4CB07B6B-544E-4CE5-AE85-772CB17A8CB6}.Debug|Any CPU.Build.0 = Debug|Any CPU
		{4CB07B6B-544E-4CE5-AE85-772CB17A8CB6}.Debug|Any CPU.Deploy.0 = Debug|Any CPU
		{4CB07B6B-544E-4CE5-AE85-772CB17A8CB6}.Debug|iPhone.ActiveCfg = Debug|Any CPU
		{4CB07B6B-544E-4CE5-AE85-772CB17A8CB6}.Debug|iPhoneSimulator.ActiveCfg = Debug|Any CPU
		{4CB07B6B-544E-4CE5-AE85-772CB17A8CB6}.Debug|Mixed Platforms.ActiveCfg = Debug|Any CPU
		{4CB07B6B-544E-4CE5-AE85-772CB17A8CB6}.Debug|Mixed Platforms.Build.0 = Debug|Any CPU
		{4CB07B6B-544E-4CE5-AE85-772CB17A8CB6}.Debug|Mixed Platforms.Deploy.0 = Debug|Any CPU
		{4CB07B6B-544E-4CE5-AE85-772CB17A8CB6}.Release|Any CPU.ActiveCfg = Release|Any CPU
		{4CB07B6B-544E-4CE5-AE85-772CB17A8CB6}.Release|Any CPU.Build.0 = Release|Any CPU
		{4CB07B6B-544E-4CE5-AE85-772CB17A8CB6}.Release|Any CPU.Deploy.0 = Release|Any CPU
		{4CB07B6B-544E-4CE5-AE85-772CB17A8CB6}.Release|iPhone.ActiveCfg = Release|Any CPU
		{4CB07B6B-544E-4CE5-AE85-772CB17A8CB6}.Release|iPhoneSimulator.ActiveCfg = Release|Any CPU
		{4CB07B6B-544E-4CE5-AE85-772CB17A8CB6}.Release|Mixed Platforms.ActiveCfg = Release|Any CPU
		{4CB07B6B-544E-4CE5-AE85-772CB17A8CB6}.Release|Mixed Platforms.Build.0 = Release|Any CPU
		{4CB07B6B-544E-4CE5-AE85-772CB17A8CB6}.Release|Mixed Platforms.Deploy.0 = Release|Any CPU
	EndGlobalSection
	GlobalSection(SolutionProperties) = preSolution
		HideSolutionNode = FALSE
	EndGlobalSection
EndGlobal
